
Microsoft Visual Studio Solution File, Format Version 12.00
# Visual Studio Version 17
VisualStudioVersion = 17.9.34723.18
MinimumVisualStudioVersion = 10.0.40219.1
Project("{9A19103F-16F7-4668-BE54-9A1E7A4F7556}") = "DistanceCalculator.API", "DistanceCalculator.API\DistanceCalculator.API.csproj", "{73F57013-C3CB-49CB-AB82-7BC9C7F6B8D4}"
EndProject
Project("{FAE04EC0-301F-11D3-BF4B-00C04F79EFBC}") = "DistanceCalculator.API.UnitTests", "DistanceCalculator.API.UnitTests\DistanceCalculator.API.UnitTests.csproj", "{9890906D-6F21-42AC-B895-986FEC31AD43}"
EndProject
Project("{FAE04EC0-301F-11D3-BF4B-00C04F79EFBC}") = "DistanceCalculator.API.IntegrationTests", "DistanceCalculator.API.IntegrationTests\DistanceCalculator.API.IntegrationTests.csproj", "{CFE8D18F-2B91-4A18-A028-BC6F8CEDBFBC}"
EndProject
Project("{FAE04EC0-301F-11D3-BF4B-00C04F79EFBC}") = "DistanceCalculator.API.EndpointGenerator", "DistanceCalculator.API.EndpointGenerator\DistanceCalculator.API.EndpointGenerator.csproj", "{6A3E6F9E-997B-49D0-8F43-43DDB8644F82}"
EndProject
Global
	GlobalSection(SolutionConfigurationPlatforms) = preSolution
		Debug|Any CPU = Debug|Any CPU
		Release|Any CPU = Release|Any CPU
	EndGlobalSection
	GlobalSection(ProjectConfigurationPlatforms) = postSolution
		{73F57013-C3CB-49CB-AB82-7BC9C7F6B8D4}.Debug|Any CPU.ActiveCfg = Debug|Any CPU
		{73F57013-C3CB-49CB-AB82-7BC9C7F6B8D4}.Debug|Any CPU.Build.0 = Debug|Any CPU
		{73F57013-C3CB-49CB-AB82-7BC9C7F6B8D4}.Release|Any CPU.ActiveCfg = Release|Any CPU
		{73F57013-C3CB-49CB-AB82-7BC9C7F6B8D4}.Release|Any CPU.Build.0 = Release|Any CPU
		{9890906D-6F21-42AC-B895-986FEC31AD43}.Debug|Any CPU.ActiveCfg = Debug|Any CPU
		{9890906D-6F21-42AC-B895-986FEC31AD43}.Debug|Any CPU.Build.0 = Debug|Any CPU
		{9890906D-6F21-42AC-B895-986FEC31AD43}.Release|Any CPU.ActiveCfg = Release|Any CPU
		{9890906D-6F21-42AC-B895-986FEC31AD43}.Release|Any CPU.Build.0 = Release|Any CPU
		{CFE8D18F-2B91-4A18-A028-BC6F8CEDBFBC}.Debug|Any CPU.ActiveCfg = Debug|Any CPU
		{CFE8D18F-2B91-4A18-A028-BC6F8CEDBFBC}.Debug|Any CPU.Build.0 = Debug|Any CPU
		{CFE8D18F-2B91-4A18-A028-BC6F8CEDBFBC}.Release|Any CPU.ActiveCfg = Release|Any CPU
		{CFE8D18F-2B91-4A18-A028-BC6F8CEDBFBC}.Release|Any CPU.Build.0 = Release|Any CPU
		{6A3E6F9E-997B-49D0-8F43-43DDB8644F82}.Debug|Any CPU.ActiveCfg = Debug|Any CPU
		{6A3E6F9E-997B-49D0-8F43-43DDB8644F82}.Debug|Any CPU.Build.0 = Debug|Any CPU
		{6A3E6F9E-997B-49D0-8F43-43DDB8644F82}.Release|Any CPU.ActiveCfg = Release|Any CPU
		{6A3E6F9E-997B-49D0-8F43-43DDB8644F82}.Release|Any CPU.Build.0 = Release|Any CPU
	EndGlobalSection
	GlobalSection(SolutionProperties) = preSolution
		HideSolutionNode = FALSE
	EndGlobalSection
	GlobalSection(ExtensibilityGlobals) = postSolution
		SolutionGuid = {A0DC677A-FFAA-4958-BB59-D898303E7E14}
	EndGlobalSection
EndGlobal
